// !$*UTF8*$!
{
	archiveVersion = 1;
	classes = {
	};
	objectVersion = 46;
	objects = {

/* Begin PBXBuildFile section */
		D62B457315C8011600AE8EC4 /* ADCompositeOperation.m in Sources */ = {isa = PBXBuildFile; fileRef = D62B457215C8011500AE8EC4 /* ADCompositeOperation.m */; };
		D62B45B415C9656900AE8EC4 /* ADOperation.m in Sources */ = {isa = PBXBuildFile; fileRef = D6C4EF9815B420940035C505 /* ADOperation.m */; };
		D651A02F15CC06B300BE8FD0 /* NSObject+AsyncKVC.m in Sources */ = {isa = PBXBuildFile; fileRef = D651A02E15CC06B300BE8FD0 /* NSObject+AsyncKVC.m */; };
		D651A03215CC070800BE8FD0 /* ADAtomicSet.m in Sources */ = {isa = PBXBuildFile; fileRef = D651A03115CC070800BE8FD0 /* ADAtomicSet.m */; };
		D651A04515CFC39400BE8FD0 /* ADOperationSubscribers.m in Sources */ = {isa = PBXBuildFile; fileRef = D651A04415CFC39400BE8FD0 /* ADOperationSubscribers.m */; };
		D66BA31515B6E269008DAEA6 /* ADOperation+Private.m in Sources */ = {isa = PBXBuildFile; fileRef = D66BA31415B6E269008DAEA6 /* ADOperation+Private.m */; };
		D67025BE15D154530058880C /* ADSemaphore.m in Sources */ = {isa = PBXBuildFile; fileRef = D67025BD15D154530058880C /* ADSemaphore.m */; };
		D67025C215D247CF0058880C /* ADTimeConversion.m in Sources */ = {isa = PBXBuildFile; fileRef = D67025C115D247CE0058880C /* ADTimeConversion.m */; };
		D67025C515D2535A0058880C /* ADOperationPriority.m in Sources */ = {isa = PBXBuildFile; fileRef = D67025C415D253590058880C /* ADOperationPriority.m */; };
		D671E37D15C01F9B00F211DF /* ADAtomicDictionary.m in Sources */ = {isa = PBXBuildFile; fileRef = D671E37C15C01F9B00F211DF /* ADAtomicDictionary.m */; };
		D68CF4F015BECE5E00660CD6 /* ADMutableCompositeResult.m in Sources */ = {isa = PBXBuildFile; fileRef = D68CF4EF15BECE5D00660CD6 /* ADMutableCompositeResult.m */; };
		D68CF58A15BFF00800660CD6 /* ADMutableResult.m in Sources */ = {isa = PBXBuildFile; fileRef = D68CF58915BFF00700660CD6 /* ADMutableResult.m */; };
		D697E36315E66C64006D9969 /* ADBuffer.mm in Sources */ = {isa = PBXBuildFile; fileRef = D697E36215E66C64006D9969 /* ADBuffer.mm */; };
		D69BABD315DA872200A2AE77 /* ADFileStream.m in Sources */ = {isa = PBXBuildFile; fileRef = D69BABD215DA872200A2AE77 /* ADFileStream.m */; };
		D69BABDD15DA94FF00A2AE77 /* ADDispatchData.m in Sources */ = {isa = PBXBuildFile; fileRef = D69BABDC15DA94FE00A2AE77 /* ADDispatchData.m */; };
		D6B66DD515B993BD0035AEB8 /* ADBlockWrappers.m in Sources */ = {isa = PBXBuildFile; fileRef = D6B66DD415B993BD0035AEB8 /* ADBlockWrappers.m */; };
		D6C4EF7C15B3FECD0035C505 /* Foundation.framework in Frameworks */ = {isa = PBXBuildFile; fileRef = D6C4EF7B15B3FECD0035C505 /* Foundation.framework */; };
		D6C4EF8115B3FECD0035C505 /* AsyncDispatcher.h in CopyFiles */ = {isa = PBXBuildFile; fileRef = D6C4EF8015B3FECD0035C505 /* AsyncDispatcher.h */; };
		D6C4EF9715B41E810035C505 /* ADBlockOperation.m in Sources */ = {isa = PBXBuildFile; fileRef = D6C4EF9615B41E810035C505 /* ADBlockOperation.m */; };
		D6C4EFA215B458F50035C505 /* ADDispatchQueue.m in Sources */ = {isa = PBXBuildFile; fileRef = D6C4EFA115B458F50035C505 /* ADDispatchQueue.m */; };
		D6C4EFA515B465070035C505 /* ADOperationMonitor.m in Sources */ = {isa = PBXBuildFile; fileRef = D6C4EFA415B465070035C505 /* ADOperationMonitor.m */; };
		D6D7B6FD15C68586009AD4AD /* ADBlockUtils.m in Sources */ = {isa = PBXBuildFile; fileRef = D6D7B6FC15C68586009AD4AD /* ADBlockUtils.m */; };
		D6D7B70415C6C987009AD4AD /* ADSession.m in Sources */ = {isa = PBXBuildFile; fileRef = D6D7B70315C6C986009AD4AD /* ADSession.m */; };
		D6D9774B15DAC0E80082AEA9 /* NSError+AsyncDispatcher.m in Sources */ = {isa = PBXBuildFile; fileRef = D6D9774A15DAC0E80082AEA9 /* NSError+AsyncDispatcher.m */; };
		D6D9781915DBA8F90082AEA9 /* Foundation.framework in Frameworks */ = {isa = PBXBuildFile; fileRef = D6C4EF7B15B3FECD0035C505 /* Foundation.framework */; };
		D6D9781E15DBA8FA0082AEA9 /* AsyncSaxParser.h in CopyFiles */ = {isa = PBXBuildFile; fileRef = D6D9781D15DBA8FA0082AEA9 /* AsyncSaxParser.h */; };
		D6D9782C15DBAC430082AEA9 /* ADSaxParser.m in Sources */ = {isa = PBXBuildFile; fileRef = D6D9782B15DBAC430082AEA9 /* ADSaxParser.m */; };
		D6D9783015DBB1D60082AEA9 /* ADSaxHandler.m in Sources */ = {isa = PBXBuildFile; fileRef = D6D9782F15DBB1D60082AEA9 /* ADSaxHandler.m */; };
		D6D9783915DBB4170082AEA9 /* ADSaxHandlerFactory.m in Sources */ = {isa = PBXBuildFile; fileRef = D6D9783815DBB4170082AEA9 /* ADSaxHandlerFactory.m */; };
		D6D9783C15DBB7550082AEA9 /* NSError+LibXml.m in Sources */ = {isa = PBXBuildFile; fileRef = D6D9783B15DBB7550082AEA9 /* NSError+LibXml.m */; };
		D6D9784715DBE0BA0082AEA9 /* libAsyncDispatcher.a in Frameworks */ = {isa = PBXBuildFile; fileRef = D6C4EF7815B3FECD0035C505 /* libAsyncDispatcher.a */; };
		D6D9784815DBE0C30082AEA9 /* libxml2.dylib in Frameworks */ = {isa = PBXBuildFile; fileRef = D6D9782815DBA9180082AEA9 /* libxml2.dylib */; };
		D6DB47EE15E506F800F69435 /* ADAttributes.m in Sources */ = {isa = PBXBuildFile; fileRef = D6DB47ED15E506F800F69435 /* ADAttributes.m */; };
		D6DC68F515EB68DE00288E44 /* ADDoneBlockPerformer.m in Sources */ = {isa = PBXBuildFile; fileRef = D6DC68F415EB68DE00288E44 /* ADDoneBlockPerformer.m */; };
/* End PBXBuildFile section */

/* Begin PBXContainerItemProxy section */
		D6D9782515DBA9060082AEA9 /* PBXContainerItemProxy */ = {
			isa = PBXContainerItemProxy;
			containerPortal = D6C4EF6F15B3FECD0035C505 /* Project object */;
			proxyType = 1;
			remoteGlobalIDString = D6C4EF7715B3FECD0035C505;
			remoteInfo = AsyncDispatcher;
		};
/* End PBXContainerItemProxy section */

/* Begin PBXCopyFilesBuildPhase section */
		D6C4EF7615B3FECD0035C505 /* CopyFiles */ = {
			isa = PBXCopyFilesBuildPhase;
			buildActionMask = 2147483647;
			dstPath = "include/${PRODUCT_NAME}";
			dstSubfolderSpec = 16;
			files = (
				D6C4EF8115B3FECD0035C505 /* AsyncDispatcher.h in CopyFiles */,
			);
			runOnlyForDeploymentPostprocessing = 0;
		};
		D6D9781615DBA8F90082AEA9 /* CopyFiles */ = {
			isa = PBXCopyFilesBuildPhase;
			buildActionMask = 2147483647;
			dstPath = "include/${PRODUCT_NAME}";
			dstSubfolderSpec = 16;
			files = (
				D6D9781E15DBA8FA0082AEA9 /* AsyncSaxParser.h in CopyFiles */,
			);
			runOnlyForDeploymentPostprocessing = 0;
		};
/* End PBXCopyFilesBuildPhase section */

/* Begin PBXFileReference section */
		D628642015EE09800055979B /* ADLifeCycle.h */ = {isa = PBXFileReference; fileEncoding = 4; lastKnownFileType = sourcecode.c.h; path = ADLifeCycle.h; sourceTree = "<group>"; };
		D62B457115C8011400AE8EC4 /* ADCompositeOperation.h */ = {isa = PBXFileReference; fileEncoding = 4; lastKnownFileType = sourcecode.c.h; path = ADCompositeOperation.h; sourceTree = "<group>"; };
		D62B457215C8011500AE8EC4 /* ADCompositeOperation.m */ = {isa = PBXFileReference; fileEncoding = 4; lastKnownFileType = sourcecode.c.objc; path = ADCompositeOperation.m; sourceTree = "<group>"; };
		D62B45B515C966BD00AE8EC4 /* ADDispatchArcDefs.h */ = {isa = PBXFileReference; fileEncoding = 4; lastKnownFileType = sourcecode.c.h; path = ADDispatchArcDefs.h; sourceTree = "<group>"; };
		D651A02D15CC06B300BE8FD0 /* NSObject+AsyncKVC.h */ = {isa = PBXFileReference; fileEncoding = 4; lastKnownFileType = sourcecode.c.h; path = "NSObject+AsyncKVC.h"; sourceTree = "<group>"; };
		D651A02E15CC06B300BE8FD0 /* NSObject+AsyncKVC.m */ = {isa = PBXFileReference; fileEncoding = 4; lastKnownFileType = sourcecode.c.objc; path = "NSObject+AsyncKVC.m"; sourceTree = "<group>"; };
		D651A03015CC070800BE8FD0 /* ADAtomicSet.h */ = {isa = PBXFileReference; fileEncoding = 4; lastKnownFileType = sourcecode.c.h; path = ADAtomicSet.h; sourceTree = "<group>"; };
		D651A03115CC070800BE8FD0 /* ADAtomicSet.m */ = {isa = PBXFileReference; fileEncoding = 4; lastKnownFileType = sourcecode.c.objc; path = ADAtomicSet.m; sourceTree = "<group>"; };
		D651A04315CFC39400BE8FD0 /* ADOperationSubscribers.h */ = {isa = PBXFileReference; fileEncoding = 4; lastKnownFileType = sourcecode.c.h; path = ADOperationSubscribers.h; sourceTree = "<group>"; };
		D651A04415CFC39400BE8FD0 /* ADOperationSubscribers.m */ = {isa = PBXFileReference; fileEncoding = 4; lastKnownFileType = sourcecode.c.objc; path = ADOperationSubscribers.m; sourceTree = "<group>"; };
		D66BA31315B6E268008DAEA6 /* ADOperation+Private.h */ = {isa = PBXFileReference; fileEncoding = 4; lastKnownFileType = sourcecode.c.h; path = "ADOperation+Private.h"; sourceTree = "<group>"; };
		D66BA31415B6E269008DAEA6 /* ADOperation+Private.m */ = {isa = PBXFileReference; fileEncoding = 4; lastKnownFileType = sourcecode.c.objc; path = "ADOperation+Private.m"; sourceTree = "<group>"; };
		D67025BC15D154530058880C /* ADSemaphore.h */ = {isa = PBXFileReference; fileEncoding = 4; lastKnownFileType = sourcecode.c.h; path = ADSemaphore.h; sourceTree = "<group>"; };
		D67025BD15D154530058880C /* ADSemaphore.m */ = {isa = PBXFileReference; fileEncoding = 4; lastKnownFileType = sourcecode.c.objc; path = ADSemaphore.m; sourceTree = "<group>"; };
		D67025C015D247CD0058880C /* ADTimeConversion.h */ = {isa = PBXFileReference; fileEncoding = 4; lastKnownFileType = sourcecode.c.h; path = ADTimeConversion.h; sourceTree = "<group>"; };
		D67025C115D247CE0058880C /* ADTimeConversion.m */ = {isa = PBXFileReference; fileEncoding = 4; lastKnownFileType = sourcecode.c.objc; path = ADTimeConversion.m; sourceTree = "<group>"; };
		D67025C315D253580058880C /* ADOperationPriority.h */ = {isa = PBXFileReference; fileEncoding = 4; lastKnownFileType = sourcecode.c.h; path = ADOperationPriority.h; sourceTree = "<group>"; };
		D67025C415D253590058880C /* ADOperationPriority.m */ = {isa = PBXFileReference; fileEncoding = 4; lastKnownFileType = sourcecode.c.objc; path = ADOperationPriority.m; sourceTree = "<group>"; };
		D67025CD15D29AC20058880C /* README.md */ = {isa = PBXFileReference; fileEncoding = 4; lastKnownFileType = text; name = README.md; path = ../../README.md; sourceTree = "<group>"; };
		D671E37B15C01F9A00F211DF /* ADAtomicDictionary.h */ = {isa = PBXFileReference; fileEncoding = 4; lastKnownFileType = sourcecode.c.h; path = ADAtomicDictionary.h; sourceTree = "<group>"; };
		D671E37C15C01F9B00F211DF /* ADAtomicDictionary.m */ = {isa = PBXFileReference; fileEncoding = 4; lastKnownFileType = sourcecode.c.objc; path = ADAtomicDictionary.m; sourceTree = "<group>"; };
		D67B6CBC15B8364C0020BFC8 /* ADRequest.h */ = {isa = PBXFileReference; fileEncoding = 4; lastKnownFileType = sourcecode.c.h; path = ADRequest.h; sourceTree = "<group>"; };
		D68CF4EE15BECE5D00660CD6 /* ADMutableCompositeResult.h */ = {isa = PBXFileReference; fileEncoding = 4; lastKnownFileType = sourcecode.c.h; path = ADMutableCompositeResult.h; sourceTree = "<group>"; };
		D68CF4EF15BECE5D00660CD6 /* ADMutableCompositeResult.m */ = {isa = PBXFileReference; fileEncoding = 4; lastKnownFileType = sourcecode.c.objc; path = ADMutableCompositeResult.m; sourceTree = "<group>"; };
		D68CF58815BFF00700660CD6 /* ADMutableResult.h */ = {isa = PBXFileReference; fileEncoding = 4; lastKnownFileType = sourcecode.c.h; path = ADMutableResult.h; sourceTree = "<group>"; };
		D68CF58915BFF00700660CD6 /* ADMutableResult.m */ = {isa = PBXFileReference; fileEncoding = 4; lastKnownFileType = sourcecode.c.objc; path = ADMutableResult.m; sourceTree = "<group>"; };
		D697E36215E66C64006D9969 /* ADBuffer.mm */ = {isa = PBXFileReference; fileEncoding = 4; lastKnownFileType = sourcecode.cpp.objcpp; path = ADBuffer.mm; sourceTree = "<group>"; };
		D69BABD115DA872200A2AE77 /* ADFileStream.h */ = {isa = PBXFileReference; fileEncoding = 4; lastKnownFileType = sourcecode.c.h; path = ADFileStream.h; sourceTree = "<group>"; };
		D69BABD215DA872200A2AE77 /* ADFileStream.m */ = {isa = PBXFileReference; fileEncoding = 4; lastKnownFileType = sourcecode.c.objc; path = ADFileStream.m; sourceTree = "<group>"; };
		D69BABD815DA92DE00A2AE77 /* ADBuffer.h */ = {isa = PBXFileReference; fileEncoding = 4; lastKnownFileType = sourcecode.c.h; path = ADBuffer.h; sourceTree = "<group>"; };
		D69BABDB15DA94FE00A2AE77 /* ADDispatchData.h */ = {isa = PBXFileReference; fileEncoding = 4; lastKnownFileType = sourcecode.c.h; path = ADDispatchData.h; sourceTree = "<group>"; };
		D69BABDC15DA94FE00A2AE77 /* ADDispatchData.m */ = {isa = PBXFileReference; fileEncoding = 4; lastKnownFileType = sourcecode.c.objc; path = ADDispatchData.m; sourceTree = "<group>"; };
		D6B66DD315B993BC0035AEB8 /* ADBlockWrappers.h */ = {isa = PBXFileReference; fileEncoding = 4; lastKnownFileType = sourcecode.c.h; path = ADBlockWrappers.h; sourceTree = "<group>"; };
		D6B66DD415B993BD0035AEB8 /* ADBlockWrappers.m */ = {isa = PBXFileReference; fileEncoding = 4; lastKnownFileType = sourcecode.c.objc; path = ADBlockWrappers.m; sourceTree = "<group>"; };
		D6C4EF7815B3FECD0035C505 /* libAsyncDispatcher.a */ = {isa = PBXFileReference; explicitFileType = archive.ar; includeInIndex = 0; path = libAsyncDispatcher.a; sourceTree = BUILT_PRODUCTS_DIR; };
		D6C4EF7B15B3FECD0035C505 /* Foundation.framework */ = {isa = PBXFileReference; lastKnownFileType = wrapper.framework; name = Foundation.framework; path = System/Library/Frameworks/Foundation.framework; sourceTree = SDKROOT; };
		D6C4EF7F15B3FECD0035C505 /* AsyncDispatcher-Prefix.pch */ = {isa = PBXFileReference; lastKnownFileType = sourcecode.c.h; path = "AsyncDispatcher-Prefix.pch"; sourceTree = "<group>"; };
		D6C4EF8015B3FECD0035C505 /* AsyncDispatcher.h */ = {isa = PBXFileReference; lastKnownFileType = sourcecode.c.h; path = AsyncDispatcher.h; sourceTree = "<group>"; };
		D6C4EF8915B401A30035C505 /* ADOperation.h */ = {isa = PBXFileReference; fileEncoding = 4; lastKnownFileType = sourcecode.c.h; path = ADOperation.h; sourceTree = "<group>"; };
		D6C4EF8B15B402C90035C505 /* ADExport.h */ = {isa = PBXFileReference; lastKnownFileType = sourcecode.c.h; path = ADExport.h; sourceTree = "<group>"; };
		D6C4EF8C15B419250035C505 /* ADResult.h */ = {isa = PBXFileReference; fileEncoding = 4; lastKnownFileType = sourcecode.c.h; path = ADResult.h; sourceTree = "<group>"; };
		D6C4EF9515B41E800035C505 /* ADBlockOperation.h */ = {isa = PBXFileReference; fileEncoding = 4; lastKnownFileType = sourcecode.c.h; path = ADBlockOperation.h; sourceTree = "<group>"; };
		D6C4EF9615B41E810035C505 /* ADBlockOperation.m */ = {isa = PBXFileReference; fileEncoding = 4; lastKnownFileType = sourcecode.c.objc; path = ADBlockOperation.m; sourceTree = "<group>"; };
		D6C4EF9815B420940035C505 /* ADOperation.m */ = {isa = PBXFileReference; fileEncoding = 4; lastKnownFileType = sourcecode.c.objc; path = ADOperation.m; sourceTree = "<group>"; };
		D6C4EF9D15B4422F0035C505 /* ADBlockDefs.h */ = {isa = PBXFileReference; fileEncoding = 4; lastKnownFileType = sourcecode.c.h; path = ADBlockDefs.h; sourceTree = "<group>"; };
		D6C4EFA015B458F40035C505 /* ADDispatchQueue.h */ = {isa = PBXFileReference; fileEncoding = 4; lastKnownFileType = sourcecode.c.h; path = ADDispatchQueue.h; sourceTree = "<group>"; };
		D6C4EFA115B458F50035C505 /* ADDispatchQueue.m */ = {isa = PBXFileReference; fileEncoding = 4; lastKnownFileType = sourcecode.c.objc; path = ADDispatchQueue.m; sourceTree = "<group>"; };
		D6C4EFA315B465070035C505 /* ADOperationMonitor.h */ = {isa = PBXFileReference; fileEncoding = 4; lastKnownFileType = sourcecode.c.h; path = ADOperationMonitor.h; sourceTree = "<group>"; };
		D6C4EFA415B465070035C505 /* ADOperationMonitor.m */ = {isa = PBXFileReference; fileEncoding = 4; lastKnownFileType = sourcecode.c.objc; path = ADOperationMonitor.m; sourceTree = "<group>"; };
		D6D7B6FB15C68585009AD4AD /* ADBlockUtils.h */ = {isa = PBXFileReference; fileEncoding = 4; lastKnownFileType = sourcecode.c.h; path = ADBlockUtils.h; sourceTree = "<group>"; };
		D6D7B6FC15C68586009AD4AD /* ADBlockUtils.m */ = {isa = PBXFileReference; fileEncoding = 4; lastKnownFileType = sourcecode.c.objc; path = ADBlockUtils.m; sourceTree = "<group>"; };
		D6D7B70115C6C726009AD4AD /* TODO */ = {isa = PBXFileReference; fileEncoding = 4; lastKnownFileType = text; path = TODO; sourceTree = "<group>"; };
		D6D7B70215C6C986009AD4AD /* ADSession.h */ = {isa = PBXFileReference; fileEncoding = 4; lastKnownFileType = sourcecode.c.h; path = ADSession.h; sourceTree = "<group>"; };
		D6D7B70315C6C986009AD4AD /* ADSession.m */ = {isa = PBXFileReference; fileEncoding = 4; lastKnownFileType = sourcecode.c.objc; path = ADSession.m; sourceTree = "<group>"; };
		D6D9774915DAC0E80082AEA9 /* NSError+AsyncDispatcher.h */ = {isa = PBXFileReference; fileEncoding = 4; lastKnownFileType = sourcecode.c.h; path = "NSError+AsyncDispatcher.h"; sourceTree = "<group>"; };
		D6D9774A15DAC0E80082AEA9 /* NSError+AsyncDispatcher.m */ = {isa = PBXFileReference; fileEncoding = 4; lastKnownFileType = sourcecode.c.objc; path = "NSError+AsyncDispatcher.m"; sourceTree = "<group>"; };
		D6D9781815DBA8F90082AEA9 /* libAsyncSaxParser.a */ = {isa = PBXFileReference; explicitFileType = archive.ar; includeInIndex = 0; path = libAsyncSaxParser.a; sourceTree = BUILT_PRODUCTS_DIR; };
		D6D9781C15DBA8FA0082AEA9 /* AsyncSaxParser-Prefix.pch */ = {isa = PBXFileReference; lastKnownFileType = sourcecode.c.h; path = "AsyncSaxParser-Prefix.pch"; sourceTree = "<group>"; };
		D6D9781D15DBA8FA0082AEA9 /* AsyncSaxParser.h */ = {isa = PBXFileReference; lastKnownFileType = sourcecode.c.h; path = AsyncSaxParser.h; sourceTree = "<group>"; };
		D6D9782815DBA9180082AEA9 /* libxml2.dylib */ = {isa = PBXFileReference; lastKnownFileType = "compiled.mach-o.dylib"; name = libxml2.dylib; path = usr/lib/libxml2.dylib; sourceTree = SDKROOT; };
		D6D9782A15DBAC430082AEA9 /* ADSaxParser.h */ = {isa = PBXFileReference; fileEncoding = 4; lastKnownFileType = sourcecode.c.h; path = ADSaxParser.h; sourceTree = "<group>"; };
		D6D9782B15DBAC430082AEA9 /* ADSaxParser.m */ = {isa = PBXFileReference; fileEncoding = 4; lastKnownFileType = sourcecode.c.objc; path = ADSaxParser.m; sourceTree = "<group>"; };
		D6D9782D15DBAC8C0082AEA9 /* ADSaxHandler.h */ = {isa = PBXFileReference; fileEncoding = 4; lastKnownFileType = sourcecode.c.h; path = ADSaxHandler.h; sourceTree = "<group>"; };
		D6D9782F15DBB1D60082AEA9 /* ADSaxHandler.m */ = {isa = PBXFileReference; fileEncoding = 4; lastKnownFileType = sourcecode.c.objc; path = ADSaxHandler.m; sourceTree = "<group>"; };
		D6D9783715DBB4170082AEA9 /* ADSaxHandlerFactory.h */ = {isa = PBXFileReference; fileEncoding = 4; lastKnownFileType = sourcecode.c.h; path = ADSaxHandlerFactory.h; sourceTree = "<group>"; };
		D6D9783815DBB4170082AEA9 /* ADSaxHandlerFactory.m */ = {isa = PBXFileReference; fileEncoding = 4; lastKnownFileType = sourcecode.c.objc; path = ADSaxHandlerFactory.m; sourceTree = "<group>"; };
		D6D9783A15DBB7540082AEA9 /* NSError+LibXml.h */ = {isa = PBXFileReference; fileEncoding = 4; lastKnownFileType = sourcecode.c.h; path = "NSError+LibXml.h"; sourceTree = "<group>"; };
		D6D9783B15DBB7550082AEA9 /* NSError+LibXml.m */ = {isa = PBXFileReference; fileEncoding = 4; lastKnownFileType = sourcecode.c.objc; path = "NSError+LibXml.m"; sourceTree = "<group>"; };
		D6DB47EC15E506F800F69435 /* ADAttributes.h */ = {isa = PBXFileReference; fileEncoding = 4; lastKnownFileType = sourcecode.c.h; path = ADAttributes.h; sourceTree = "<group>"; };
		D6DB47ED15E506F800F69435 /* ADAttributes.m */ = {isa = PBXFileReference; fileEncoding = 4; lastKnownFileType = sourcecode.c.objc; path = ADAttributes.m; sourceTree = "<group>"; };
		D6DB47EF15E50A5200F69435 /* ADXmlDefs.h */ = {isa = PBXFileReference; fileEncoding = 4; lastKnownFileType = sourcecode.c.h; path = ADXmlDefs.h; sourceTree = "<group>"; };
		D6DC68F315EB68DE00288E44 /* ADDoneBlockPerformer.h */ = {isa = PBXFileReference; fileEncoding = 4; lastKnownFileType = sourcecode.c.h; path = ADDoneBlockPerformer.h; sourceTree = "<group>"; };
		D6DC68F415EB68DE00288E44 /* ADDoneBlockPerformer.m */ = {isa = PBXFileReference; fileEncoding = 4; lastKnownFileType = sourcecode.c.objc; path = ADDoneBlockPerformer.m; sourceTree = "<group>"; };
		D6E8841915F602A10057D52F /* ADSystemVersion.h */ = {isa = PBXFileReference; fileEncoding = 4; lastKnownFileType = sourcecode.c.h; path = ADSystemVersion.h; sourceTree = "<group>"; };
		D6FF644615DCDD9A00782132 /* ADStream.h */ = {isa = PBXFileReference; fileEncoding = 4; lastKnownFileType = sourcecode.c.h; path = ADStream.h; sourceTree = "<group>"; };
/* End PBXFileReference section */

/* Begin PBXFrameworksBuildPhase section */
		D6C4EF7515B3FECD0035C505 /* Frameworks */ = {
			isa = PBXFrameworksBuildPhase;
			buildActionMask = 2147483647;
			files = (
				D6C4EF7C15B3FECD0035C505 /* Foundation.framework in Frameworks */,
			);
			runOnlyForDeploymentPostprocessing = 0;
		};
		D6D9781515DBA8F90082AEA9 /* Frameworks */ = {
			isa = PBXFrameworksBuildPhase;
			buildActionMask = 2147483647;
			files = (
				D6D9784815DBE0C30082AEA9 /* libxml2.dylib in Frameworks */,
				D6D9784715DBE0BA0082AEA9 /* libAsyncDispatcher.a in Frameworks */,
				D6D9781915DBA8F90082AEA9 /* Foundation.framework in Frameworks */,
			);
			runOnlyForDeploymentPostprocessing = 0;
		};
/* End PBXFrameworksBuildPhase section */

/* Begin PBXGroup section */
		D6C4EF6D15B3FECD0035C505 = {
			isa = PBXGroup;
			children = (
				D6D9782815DBA9180082AEA9 /* libxml2.dylib */,
				D67025CD15D29AC20058880C /* README.md */,
				D6C4EF7D15B3FECD0035C505 /* AsyncDispatcher */,
				D6D9781A15DBA8F90082AEA9 /* AsyncSaxParser */,
				D6C4EF7A15B3FECD0035C505 /* Frameworks */,
				D6C4EF7915B3FECD0035C505 /* Products */,
			);
			sourceTree = "<group>";
		};
		D6C4EF7915B3FECD0035C505 /* Products */ = {
			isa = PBXGroup;
			children = (
				D6C4EF7815B3FECD0035C505 /* libAsyncDispatcher.a */,
				D6D9781815DBA8F90082AEA9 /* libAsyncSaxParser.a */,
			);
			name = Products;
			sourceTree = "<group>";
		};
		D6C4EF7A15B3FECD0035C505 /* Frameworks */ = {
			isa = PBXGroup;
			children = (
				D6C4EF7B15B3FECD0035C505 /* Foundation.framework */,
			);
			name = Frameworks;
			sourceTree = "<group>";
		};
		D6C4EF7D15B3FECD0035C505 /* AsyncDispatcher */ = {
			isa = PBXGroup;
			children = (
				D6C4EF7E15B3FECD0035C505 /* Supporting Files */,
				D6C4EF8A15B401B70035C505 /* Detail */,
				D6C4EF8015B3FECD0035C505 /* AsyncDispatcher.h */,
				D62B457115C8011400AE8EC4 /* ADCompositeOperation.h */,
				D62B457215C8011500AE8EC4 /* ADCompositeOperation.m */,
				D6B66DD315B993BC0035AEB8 /* ADBlockWrappers.h */,
				D6B66DD415B993BD0035AEB8 /* ADBlockWrappers.m */,
				D6C4EF8915B401A30035C505 /* ADOperation.h */,
				D6C4EF9815B420940035C505 /* ADOperation.m */,
				D6C4EF8C15B419250035C505 /* ADResult.h */,
				D6C4EF9515B41E800035C505 /* ADBlockOperation.h */,
				D6C4EF9615B41E810035C505 /* ADBlockOperation.m */,
				D6C4EF9D15B4422F0035C505 /* ADBlockDefs.h */,
				D67B6CBC15B8364C0020BFC8 /* ADRequest.h */,
				D6D7B70215C6C986009AD4AD /* ADSession.h */,
				D6D7B70315C6C986009AD4AD /* ADSession.m */,
				D651A02D15CC06B300BE8FD0 /* NSObject+AsyncKVC.h */,
				D651A02E15CC06B300BE8FD0 /* NSObject+AsyncKVC.m */,
				D67025C315D253580058880C /* ADOperationPriority.h */,
				D67025C415D253590058880C /* ADOperationPriority.m */,
				D6FF644615DCDD9A00782132 /* ADStream.h */,
				D69BABD115DA872200A2AE77 /* ADFileStream.h */,
				D69BABD215DA872200A2AE77 /* ADFileStream.m */,
				D69BABD815DA92DE00A2AE77 /* ADBuffer.h */,
				D697E36215E66C64006D9969 /* ADBuffer.mm */,
				D6D7B70115C6C726009AD4AD /* TODO */,
			);
			path = AsyncDispatcher;
			sourceTree = "<group>";
		};
		D6C4EF7E15B3FECD0035C505 /* Supporting Files */ = {
			isa = PBXGroup;
			children = (
				D6C4EF7F15B3FECD0035C505 /* AsyncDispatcher-Prefix.pch */,
			);
			name = "Supporting Files";
			sourceTree = "<group>";
		};
		D6C4EF8A15B401B70035C505 /* Detail */ = {
			isa = PBXGroup;
			children = (
				D6C4EF8B15B402C90035C505 /* ADExport.h */,
				D6C4EFA015B458F40035C505 /* ADDispatchQueue.h */,
				D6C4EFA115B458F50035C505 /* ADDispatchQueue.m */,
				D6C4EFA315B465070035C505 /* ADOperationMonitor.h */,
				D6C4EFA415B465070035C505 /* ADOperationMonitor.m */,
				D66BA31315B6E268008DAEA6 /* ADOperation+Private.h */,
				D66BA31415B6E269008DAEA6 /* ADOperation+Private.m */,
				D68CF4EE15BECE5D00660CD6 /* ADMutableCompositeResult.h */,
				D68CF4EF15BECE5D00660CD6 /* ADMutableCompositeResult.m */,
				D68CF58815BFF00700660CD6 /* ADMutableResult.h */,
				D68CF58915BFF00700660CD6 /* ADMutableResult.m */,
				D6D7B6FB15C68585009AD4AD /* ADBlockUtils.h */,
				D6D7B6FC15C68586009AD4AD /* ADBlockUtils.m */,
				D62B45B515C966BD00AE8EC4 /* ADDispatchArcDefs.h */,
				D671E37B15C01F9A00F211DF /* ADAtomicDictionary.h */,
				D671E37C15C01F9B00F211DF /* ADAtomicDictionary.m */,
				D651A03015CC070800BE8FD0 /* ADAtomicSet.h */,
				D651A03115CC070800BE8FD0 /* ADAtomicSet.m */,
				D651A04315CFC39400BE8FD0 /* ADOperationSubscribers.h */,
				D651A04415CFC39400BE8FD0 /* ADOperationSubscribers.m */,
				D67025BC15D154530058880C /* ADSemaphore.h */,
				D67025BD15D154530058880C /* ADSemaphore.m */,
				D67025C015D247CD0058880C /* ADTimeConversion.h */,
				D67025C115D247CE0058880C /* ADTimeConversion.m */,
				D69BABDB15DA94FE00A2AE77 /* ADDispatchData.h */,
				D69BABDC15DA94FE00A2AE77 /* ADDispatchData.m */,
				D6D9774915DAC0E80082AEA9 /* NSError+AsyncDispatcher.h */,
				D6D9774A15DAC0E80082AEA9 /* NSError+AsyncDispatcher.m */,
				D6DC68F315EB68DE00288E44 /* ADDoneBlockPerformer.h */,
				D6DC68F415EB68DE00288E44 /* ADDoneBlockPerformer.m */,
				D628642015EE09800055979B /* ADLifeCycle.h */,
				D6E8841915F602A10057D52F /* ADSystemVersion.h */,
			);
			path = Detail;
			sourceTree = "<group>";
		};
		D6D9781A15DBA8F90082AEA9 /* AsyncSaxParser */ = {
			isa = PBXGroup;
			children = (
				D6DB47EA15E506BF00F69435 /* Utils */,
				D6D9781B15DBA8FA0082AEA9 /* Supporting Files */,
				D6D9783115DBB25C0082AEA9 /* Detail */,
				D6D9781D15DBA8FA0082AEA9 /* AsyncSaxParser.h */,
				D6D9782A15DBAC430082AEA9 /* ADSaxParser.h */,
				D6D9782B15DBAC430082AEA9 /* ADSaxParser.m */,
				D6D9782D15DBAC8C0082AEA9 /* ADSaxHandler.h */,
				D6D9782F15DBB1D60082AEA9 /* ADSaxHandler.m */,
				D6DB47EF15E50A5200F69435 /* ADXmlDefs.h */,
			);
			path = AsyncSaxParser;
			sourceTree = "<group>";
		};
		D6D9781B15DBA8FA0082AEA9 /* Supporting Files */ = {
			isa = PBXGroup;
			children = (
				D6D9781C15DBA8FA0082AEA9 /* AsyncSaxParser-Prefix.pch */,
			);
			name = "Supporting Files";
			sourceTree = "<group>";
		};
		D6D9783115DBB25C0082AEA9 /* Detail */ = {
			isa = PBXGroup;
			children = (
				D6D9783A15DBB7540082AEA9 /* NSError+LibXml.h */,
				D6D9783B15DBB7550082AEA9 /* NSError+LibXml.m */,
				D6D9783715DBB4170082AEA9 /* ADSaxHandlerFactory.h */,
				D6D9783815DBB4170082AEA9 /* ADSaxHandlerFactory.m */,
			);
			path = Detail;
			sourceTree = "<group>";
		};
		D6DB47EA15E506BF00F69435 /* Utils */ = {
			isa = PBXGroup;
			children = (
				D6DB47EC15E506F800F69435 /* ADAttributes.h */,
				D6DB47ED15E506F800F69435 /* ADAttributes.m */,
			);
			path = Utils;
			sourceTree = "<group>";
		};
/* End PBXGroup section */

/* Begin PBXLegacyTarget section */
		D6580DC515C7DFEC00C23C10 /* Appledoc */ = {
			isa = PBXLegacyTarget;
			buildArgumentsString = "--keep-undocumented-members --keep-undocumented-objects --logformat xcode --exit-threshold 2 --ignore Detail --ignore .m --ignore .mm --project-name AsyncDispatcher --project-company \"Embedded Sources\" --company-id com.embeddedsources --no-repeat-first-par --output ./appledoc .";
			buildConfigurationList = D6580DC815C7DFEC00C23C10 /* Build configuration list for PBXLegacyTarget "Appledoc" */;
			buildPhases = (
			);
			buildToolPath = /usr/local/bin/appledoc;
			buildWorkingDirectory = "";
			dependencies = (
			);
			name = Appledoc;
			passBuildSettingsInEnvironment = 1;
			productName = Appledoc;
		};
/* End PBXLegacyTarget section */

/* Begin PBXNativeTarget section */
		D6C4EF7715B3FECD0035C505 /* AsyncDispatcher */ = {
			isa = PBXNativeTarget;
			buildConfigurationList = D6C4EF8615B3FECD0035C505 /* Build configuration list for PBXNativeTarget "AsyncDispatcher" */;
			buildPhases = (
				D6C4EF7415B3FECD0035C505 /* Sources */,
				D6C4EF7515B3FECD0035C505 /* Frameworks */,
				D6C4EF7615B3FECD0035C505 /* CopyFiles */,
			);
			buildRules = (
			);
			dependencies = (
			);
			name = AsyncDispatcher;
			productName = AsyncDispatcher;
			productReference = D6C4EF7815B3FECD0035C505 /* libAsyncDispatcher.a */;
			productType = "com.apple.product-type.library.static";
		};
		D6D9781715DBA8F90082AEA9 /* AsyncSaxParser */ = {
			isa = PBXNativeTarget;
			buildConfigurationList = D6D9782315DBA8FA0082AEA9 /* Build configuration list for PBXNativeTarget "AsyncSaxParser" */;
			buildPhases = (
				D6D9781415DBA8F90082AEA9 /* Sources */,
				D6D9781515DBA8F90082AEA9 /* Frameworks */,
				D6D9781615DBA8F90082AEA9 /* CopyFiles */,
			);
			buildRules = (
			);
			dependencies = (
				D6D9782615DBA9060082AEA9 /* PBXTargetDependency */,
			);
			name = AsyncSaxParser;
			productName = AsyncSaxParser;
			productReference = D6D9781815DBA8F90082AEA9 /* libAsyncSaxParser.a */;
			productType = "com.apple.product-type.library.static";
		};
/* End PBXNativeTarget section */

/* Begin PBXProject section */
		D6C4EF6F15B3FECD0035C505 /* Project object */ = {
			isa = PBXProject;
			attributes = {
				LastUpgradeCheck = 0450;
				ORGANIZATIONNAME = "Igor Palaguta";
			};
			buildConfigurationList = D6C4EF7215B3FECD0035C505 /* Build configuration list for PBXProject "AsyncDispatcher" */;
			compatibilityVersion = "Xcode 3.2";
			developmentRegion = English;
			hasScannedForEncodings = 0;
			knownRegions = (
				en,
			);
			mainGroup = D6C4EF6D15B3FECD0035C505;
			productRefGroup = D6C4EF7915B3FECD0035C505 /* Products */;
			projectDirPath = "";
			projectRoot = "";
			targets = (
				D6C4EF7715B3FECD0035C505 /* AsyncDispatcher */,
				D6D9781715DBA8F90082AEA9 /* AsyncSaxParser */,
				D6580DC515C7DFEC00C23C10 /* Appledoc */,
			);
		};
/* End PBXProject section */

/* Begin PBXSourcesBuildPhase section */
		D6C4EF7415B3FECD0035C505 /* Sources */ = {
			isa = PBXSourcesBuildPhase;
			buildActionMask = 2147483647;
			files = (
				D6C4EF9715B41E810035C505 /* ADBlockOperation.m in Sources */,
				D6C4EFA215B458F50035C505 /* ADDispatchQueue.m in Sources */,
				D6C4EFA515B465070035C505 /* ADOperationMonitor.m in Sources */,
				D66BA31515B6E269008DAEA6 /* ADOperation+Private.m in Sources */,
				D6B66DD515B993BD0035AEB8 /* ADBlockWrappers.m in Sources */,
				D68CF4F015BECE5E00660CD6 /* ADMutableCompositeResult.m in Sources */,
				D68CF58A15BFF00800660CD6 /* ADMutableResult.m in Sources */,
				D671E37D15C01F9B00F211DF /* ADAtomicDictionary.m in Sources */,
				D6D7B6FD15C68586009AD4AD /* ADBlockUtils.m in Sources */,
				D6D7B70415C6C987009AD4AD /* ADSession.m in Sources */,
				D62B457315C8011600AE8EC4 /* ADCompositeOperation.m in Sources */,
				D62B45B415C9656900AE8EC4 /* ADOperation.m in Sources */,
				D651A02F15CC06B300BE8FD0 /* NSObject+AsyncKVC.m in Sources */,
				D651A03215CC070800BE8FD0 /* ADAtomicSet.m in Sources */,
				D651A04515CFC39400BE8FD0 /* ADOperationSubscribers.m in Sources */,
				D67025BE15D154530058880C /* ADSemaphore.m in Sources */,
				D67025C215D247CF0058880C /* ADTimeConversion.m in Sources */,
				D67025C515D2535A0058880C /* ADOperationPriority.m in Sources */,
				D69BABD315DA872200A2AE77 /* ADFileStream.m in Sources */,
				D69BABDD15DA94FF00A2AE77 /* ADDispatchData.m in Sources */,
				D6D9774B15DAC0E80082AEA9 /* NSError+AsyncDispatcher.m in Sources */,
				D697E36315E66C64006D9969 /* ADBuffer.mm in Sources */,
				D6DC68F515EB68DE00288E44 /* ADDoneBlockPerformer.m in Sources */,
			);
			runOnlyForDeploymentPostprocessing = 0;
		};
		D6D9781415DBA8F90082AEA9 /* Sources */ = {
			isa = PBXSourcesBuildPhase;
			buildActionMask = 2147483647;
			files = (
				D6D9782C15DBAC430082AEA9 /* ADSaxParser.m in Sources */,
				D6D9783015DBB1D60082AEA9 /* ADSaxHandler.m in Sources */,
				D6D9783915DBB4170082AEA9 /* ADSaxHandlerFactory.m in Sources */,
				D6D9783C15DBB7550082AEA9 /* NSError+LibXml.m in Sources */,
				D6DB47EE15E506F800F69435 /* ADAttributes.m in Sources */,
			);
			runOnlyForDeploymentPostprocessing = 0;
		};
/* End PBXSourcesBuildPhase section */

/* Begin PBXTargetDependency section */
		D6D9782615DBA9060082AEA9 /* PBXTargetDependency */ = {
			isa = PBXTargetDependency;
			target = D6C4EF7715B3FECD0035C505 /* AsyncDispatcher */;
			targetProxy = D6D9782515DBA9060082AEA9 /* PBXContainerItemProxy */;
		};
/* End PBXTargetDependency section */

/* Begin XCBuildConfiguration section */
		D6580DC615C7DFEC00C23C10 /* Debug */ = {
			isa = XCBuildConfiguration;
			buildSettings = {
				ARCHS = "$(ARCHS_STANDARD_64_BIT)";
				CLANG_CXX_LIBRARY = "libc++";
				DEBUGGING_SYMBOLS = YES;
				GCC_ENABLE_OBJC_EXCEPTIONS = YES;
				GCC_GENERATE_DEBUGGING_SYMBOLS = YES;
				GCC_OPTIMIZATION_LEVEL = 0;
				GCC_WARN_64_TO_32_BIT_CONVERSION = YES;
				MACOSX_DEPLOYMENT_TARGET = 10.7;
				ONLY_ACTIVE_ARCH = YES;
				OTHER_CFLAGS = "";
				OTHER_LDFLAGS = "";
				PRODUCT_NAME = "$(TARGET_NAME)";
				SDKROOT = macosx;
			};
			name = Debug;
		};
		D6580DC715C7DFEC00C23C10 /* Release */ = {
			isa = XCBuildConfiguration;
			buildSettings = {
				ARCHS = "$(ARCHS_STANDARD_64_BIT)";
				CLANG_CXX_LIBRARY = "libc++";
				DEBUG_INFORMATION_FORMAT = "dwarf-with-dsym";
				GCC_ENABLE_OBJC_EXCEPTIONS = YES;
				GCC_WARN_64_TO_32_BIT_CONVERSION = YES;
				MACOSX_DEPLOYMENT_TARGET = 10.7;
				OTHER_CFLAGS = "";
				OTHER_LDFLAGS = "";
				PRODUCT_NAME = "$(TARGET_NAME)";
				SDKROOT = macosx;
			};
			name = Release;
		};
		D6C4EF8415B3FECD0035C505 /* Debug */ = {
			isa = XCBuildConfiguration;
			buildSettings = {
				ALWAYS_SEARCH_USER_PATHS = NO;
				CLANG_CXX_LANGUAGE_STANDARD = "gnu++0x";
				CLANG_ENABLE_OBJC_ARC = YES;
				CLANG_WARN_OBJC_MISSING_PROPERTY_SYNTHESIS = YES;
				CLANG_WARN__DUPLICATE_METHOD_MATCH = YES;
				COPY_PHASE_STRIP = NO;
				GCC_C_LANGUAGE_STANDARD = gnu99;
				GCC_DYNAMIC_NO_PIC = NO;
				GCC_OPTIMIZATION_LEVEL = 0;
				GCC_PREPROCESSOR_DEFINITIONS = (
					"DEBUG=1",
					"$(inherited)",
				);
				GCC_SYMBOLS_PRIVATE_EXTERN = NO;
				GCC_WARN_ABOUT_RETURN_TYPE = YES;
				GCC_WARN_UNINITIALIZED_AUTOS = YES;
				GCC_WARN_UNUSED_VARIABLE = YES;
				IPHONEOS_DEPLOYMENT_TARGET = 4.3;
				SDKROOT = iphoneos;
			};
			name = Debug;
		};
		D6C4EF8515B3FECD0035C505 /* Release */ = {
			isa = XCBuildConfiguration;
			buildSettings = {
				ALWAYS_SEARCH_USER_PATHS = NO;
				CLANG_CXX_LANGUAGE_STANDARD = "gnu++0x";
				CLANG_ENABLE_OBJC_ARC = YES;
				CLANG_WARN_OBJC_MISSING_PROPERTY_SYNTHESIS = YES;
				CLANG_WARN__DUPLICATE_METHOD_MATCH = YES;
				COPY_PHASE_STRIP = YES;
				GCC_C_LANGUAGE_STANDARD = gnu99;
				GCC_PREPROCESSOR_DEFINITIONS = "NS_BLOCK_ASSERTIONS=1";
				GCC_WARN_ABOUT_RETURN_TYPE = YES;
				GCC_WARN_UNINITIALIZED_AUTOS = YES;
				GCC_WARN_UNUSED_VARIABLE = YES;
				IPHONEOS_DEPLOYMENT_TARGET = 4.3;
				SDKROOT = iphoneos;
				VALIDATE_PRODUCT = YES;
			};
			name = Release;
		};
		D6C4EF8715B3FECD0035C505 /* Debug */ = {
			isa = XCBuildConfiguration;
			buildSettings = {
				DSTROOT = /tmp/AsyncDispatcher.dst;
				GCC_PRECOMPILE_PREFIX_HEADER = YES;
				GCC_PREFIX_HEADER = "AsyncDispatcher/AsyncDispatcher-Prefix.pch";
				OTHER_LDFLAGS = "-ObjC";
				PRODUCT_NAME = "$(TARGET_NAME)";
				SKIP_INSTALL = YES;
			};
			name = Debug;
		};
		D6C4EF8815B3FECD0035C505 /* Release */ = {
			isa = XCBuildConfiguration;
			buildSettings = {
				DSTROOT = /tmp/AsyncDispatcher.dst;
				GCC_PRECOMPILE_PREFIX_HEADER = YES;
				GCC_PREFIX_HEADER = "AsyncDispatcher/AsyncDispatcher-Prefix.pch";
				OTHER_LDFLAGS = "-ObjC";
				PRODUCT_NAME = "$(TARGET_NAME)";
				SKIP_INSTALL = YES;
			};
			name = Release;
		};
		D6D9782115DBA8FA0082AEA9 /* Debug */ = {
			isa = XCBuildConfiguration;
			buildSettings = {
				CLANG_CXX_LIBRARY = "libc++";
				DSTROOT = /tmp/AsyncSaxParser.dst;
				GCC_PRECOMPILE_PREFIX_HEADER = YES;
				GCC_PREFIX_HEADER = "AsyncSaxParser/AsyncSaxParser-Prefix.pch";
				HEADER_SEARCH_PATHS = (
					/usr/include/libxml2,
					.,
				);
				OTHER_LDFLAGS = "-ObjC";
				PRODUCT_NAME = "$(TARGET_NAME)";
				SKIP_INSTALL = YES;
			};
			name = Debug;
		};
		D6D9782215DBA8FA0082AEA9 /* Release */ = {
			isa = XCBuildConfiguration;
			buildSettings = {
				CLANG_CXX_LIBRARY = "libc++";
				DSTROOT = /tmp/AsyncSaxParser.dst;
				GCC_PRECOMPILE_PREFIX_HEADER = YES;
				GCC_PREFIX_HEADER = "AsyncSaxParser/AsyncSaxParser-Prefix.pch";
				HEADER_SEARCH_PATHS = (
					/usr/include/libxml2,
					.,
				);
				OTHER_LDFLAGS = "-ObjC";
				PRODUCT_NAME = "$(TARGET_NAME)";
				SKIP_INSTALL = YES;
			};
			name = Release;
		};
/* End XCBuildConfiguration section */

/* Begin XCConfigurationList section */
		D6580DC815C7DFEC00C23C10 /* Build configuration list for PBXLegacyTarget "Appledoc" */ = {
			isa = XCConfigurationList;
			buildConfigurations = (
				D6580DC615C7DFEC00C23C10 /* Debug */,
				D6580DC715C7DFEC00C23C10 /* Release */,
			);
			defaultConfigurationIsVisible = 0;
			defaultConfigurationName = Release;
		};
		D6C4EF7215B3FECD0035C505 /* Build configuration list for PBXProject "AsyncDispatcher" */ = {
			isa = XCConfigurationList;
			buildConfigurations = (
				D6C4EF8415B3FECD0035C505 /* Debug */,
				D6C4EF8515B3FECD0035C505 /* Release */,
			);
			defaultConfigurationIsVisible = 0;
			defaultConfigurationName = Release;
		};
		D6C4EF8615B3FECD0035C505 /* Build configuration list for PBXNativeTarget "AsyncDispatcher" */ = {
			isa = XCConfigurationList;
			buildConfigurations = (
				D6C4EF8715B3FECD0035C505 /* Debug */,
				D6C4EF8815B3FECD0035C505 /* Release */,
			);
			defaultConfigurationIsVisible = 0;
			defaultConfigurationName = Release;
		};
		D6D9782315DBA8FA0082AEA9 /* Build configuration list for PBXNativeTarget "AsyncSaxParser" */ = {
			isa = XCConfigurationList;
			buildConfigurations = (
				D6D9782115DBA8FA0082AEA9 /* Debug */,
				D6D9782215DBA8FA0082AEA9 /* Release */,
			);
			defaultConfigurationIsVisible = 0;
			defaultConfigurationName = Release;
		};
/* End XCConfigurationList section */
	};
	rootObject = D6C4EF6F15B3FECD0035C505 /* Project object */;
}
