// !$*UTF8*$!
{
	archiveVersion = 1;
	classes = {
	};
	objectVersion = 46;
	objects = {

/* Begin PBXBuildFile section */
		7870276117547A3C007F2392 /* GHUnitIOS.framework in Frameworks */ = {isa = PBXBuildFile; fileRef = 7870276017547A3C007F2392 /* GHUnitIOS.framework */; };
		7870276317549ECB007F2392 /* Default-568h@2x.png in Resources */ = {isa = PBXBuildFile; fileRef = 7870276217549ECB007F2392 /* Default-568h@2x.png */; };
		7870283A1756309E007F2392 /* ADSequenceTest.m in Sources */ = {isa = PBXBuildFile; fileRef = D671E38115C025DC00F211DF /* ADSequenceTest.m */; };
		7870283B17564B4F007F2392 /* ADBlockOperationTest.m in Sources */ = {isa = PBXBuildFile; fileRef = D671E37F15C025DC00F211DF /* ADBlockOperationTest.m */; };
		7870283C17564B4F007F2392 /* ADConcurrentTest.m in Sources */ = {isa = PBXBuildFile; fileRef = D671E38015C025DC00F211DF /* ADConcurrentTest.m */; };
		7870283D17564B4F007F2392 /* ADSessionTest.m in Sources */ = {isa = PBXBuildFile; fileRef = D62B45A715C9280300AE8EC4 /* ADSessionTest.m */; };
		7870283E17564B4F007F2392 /* ADPropertyTest.m in Sources */ = {isa = PBXBuildFile; fileRef = D651A04115CFB5AF00BE8FD0 /* ADPropertyTest.m */; };
		7870283F17564B4F007F2392 /* ADOperationPriorityTest.m in Sources */ = {isa = PBXBuildFile; fileRef = D67025C715D256B00058880C /* ADOperationPriorityTest.m */; };
		7870284017564B4F007F2392 /* ADAsyncFileReaderTest.m in Sources */ = {isa = PBXBuildFile; fileRef = D69BABD615DA909000A2AE77 /* ADAsyncFileReaderTest.m */; };
		7870284117564B4F007F2392 /* ADSaxParserTest.mm in Sources */ = {isa = PBXBuildFile; fileRef = D66E71FD15E3C8BE00A55872 /* ADSaxParserTest.mm */; };
		D66E720115E3D3B700A55872 /* libAsyncSaxParser.a in Frameworks */ = {isa = PBXBuildFile; fileRef = D681423815DBE5BB00C7EFE7 /* libAsyncSaxParser.a */; };
		D66E720315E3D40800A55872 /* libxml2.dylib in Frameworks */ = {isa = PBXBuildFile; fileRef = D66E720215E3D40800A55872 /* libxml2.dylib */; };
		D671E38B15C025DC00F211DF /* ADDoneBlockChecker.m in Sources */ = {isa = PBXBuildFile; fileRef = D671E38415C025DC00F211DF /* ADDoneBlockChecker.m */; };
		D671E38C15C025DC00F211DF /* ADOperation+ADTConstructors.m in Sources */ = {isa = PBXBuildFile; fileRef = D671E38615C025DC00F211DF /* ADOperation+ADTConstructors.m */; };
		D69BABE115DA9B0200A2AE77 /* big.xdxf in Resources */ = {isa = PBXBuildFile; fileRef = D69BABDF15DA9B0200A2AE77 /* big.xdxf */; };
		D69BABE215DA9B0200A2AE77 /* medium.xdxf in Resources */ = {isa = PBXBuildFile; fileRef = D69BABE015DA9B0200A2AE77 /* medium.xdxf */; };
		D69BABE415DA9B1900A2AE77 /* small.xdxf in Resources */ = {isa = PBXBuildFile; fileRef = D69BABE315DA9B1900A2AE77 /* small.xdxf */; };
		D6ADDD2415FA2496005377DC /* ADTDeallocHere.m in Sources */ = {isa = PBXBuildFile; fileRef = D6ADDD2315FA2496005377DC /* ADTDeallocHere.m */; };
		D6C4EF4E15B3FE720035C505 /* UIKit.framework in Frameworks */ = {isa = PBXBuildFile; fileRef = D6C4EF4D15B3FE720035C505 /* UIKit.framework */; };
		D6C4EF5015B3FE720035C505 /* Foundation.framework in Frameworks */ = {isa = PBXBuildFile; fileRef = D6C4EF4F15B3FE720035C505 /* Foundation.framework */; };
		D6C4EF5215B3FE720035C505 /* CoreGraphics.framework in Frameworks */ = {isa = PBXBuildFile; fileRef = D6C4EF5115B3FE720035C505 /* CoreGraphics.framework */; };
		D6C4EF5815B3FE720035C505 /* InfoPlist.strings in Resources */ = {isa = PBXBuildFile; fileRef = D6C4EF5615B3FE720035C505 /* InfoPlist.strings */; };
		D6C4EF5A15B3FE720035C505 /* main.m in Sources */ = {isa = PBXBuildFile; fileRef = D6C4EF5915B3FE720035C505 /* main.m */; };
		D6DB47E915E4D47600F69435 /* bad.xdxf in Resources */ = {isa = PBXBuildFile; fileRef = D6DB47E815E4D47600F69435 /* bad.xdxf */; };
/* End PBXBuildFile section */

/* Begin PBXContainerItemProxy section */
		D66E71FF15E3D3B100A55872 /* PBXContainerItemProxy */ = {
			isa = PBXContainerItemProxy;
			containerPortal = D6B66DC415B98E790035AEB8 /* AsyncDispatcher.xcodeproj */;
			proxyType = 1;
			remoteGlobalIDString = D6D9781715DBA8F90082AEA9;
			remoteInfo = AsyncSaxParser;
		};
		D681423715DBE5BB00C7EFE7 /* PBXContainerItemProxy */ = {
			isa = PBXContainerItemProxy;
			containerPortal = D6B66DC415B98E790035AEB8 /* AsyncDispatcher.xcodeproj */;
			proxyType = 2;
			remoteGlobalIDString = D6D9781815DBA8F90082AEA9;
			remoteInfo = AsyncSaxParser;
		};
		D6B66DCB15B98E790035AEB8 /* PBXContainerItemProxy */ = {
			isa = PBXContainerItemProxy;
			containerPortal = D6B66DC415B98E790035AEB8 /* AsyncDispatcher.xcodeproj */;
			proxyType = 2;
			remoteGlobalIDString = D6C4EF7815B3FECD0035C505;
			remoteInfo = AsyncDispatcher;
		};
		D6B66DCD15B98E840035AEB8 /* PBXContainerItemProxy */ = {
			isa = PBXContainerItemProxy;
			containerPortal = D6B66DC415B98E790035AEB8 /* AsyncDispatcher.xcodeproj */;
			proxyType = 1;
			remoteGlobalIDString = D6C4EF7715B3FECD0035C505;
			remoteInfo = AsyncDispatcher;
		};
/* End PBXContainerItemProxy section */

/* Begin PBXFileReference section */
		7870276017547A3C007F2392 /* GHUnitIOS.framework */ = {isa = PBXFileReference; lastKnownFileType = wrapper.framework; name = GHUnitIOS.framework; path = ../GHUnitIOS.framework; sourceTree = "<group>"; };
		7870276217549ECB007F2392 /* Default-568h@2x.png */ = {isa = PBXFileReference; lastKnownFileType = image.png; path = "Default-568h@2x.png"; sourceTree = "<group>"; };
		D628641F15ED0A200055979B /* ADTOperationCounter.h */ = {isa = PBXFileReference; fileEncoding = 4; lastKnownFileType = sourcecode.c.h; path = ADTOperationCounter.h; sourceTree = "<group>"; };
		D62B45A715C9280300AE8EC4 /* ADSessionTest.m */ = {isa = PBXFileReference; fileEncoding = 4; lastKnownFileType = sourcecode.c.objc; path = ADSessionTest.m; sourceTree = "<group>"; };
		D651A04115CFB5AF00BE8FD0 /* ADPropertyTest.m */ = {isa = PBXFileReference; fileEncoding = 4; lastKnownFileType = sourcecode.c.objc; path = ADPropertyTest.m; sourceTree = "<group>"; };
		D66E71FD15E3C8BE00A55872 /* ADSaxParserTest.mm */ = {isa = PBXFileReference; fileEncoding = 4; lastKnownFileType = sourcecode.cpp.objcpp; path = ADSaxParserTest.mm; sourceTree = "<group>"; };
		D66E720215E3D40800A55872 /* libxml2.dylib */ = {isa = PBXFileReference; lastKnownFileType = "compiled.mach-o.dylib"; name = libxml2.dylib; path = usr/lib/libxml2.dylib; sourceTree = SDKROOT; };
		D67025C715D256B00058880C /* ADOperationPriorityTest.m */ = {isa = PBXFileReference; fileEncoding = 4; lastKnownFileType = sourcecode.c.objc; path = ADOperationPriorityTest.m; sourceTree = "<group>"; };
		D671E37F15C025DC00F211DF /* ADBlockOperationTest.m */ = {isa = PBXFileReference; fileEncoding = 4; lastKnownFileType = sourcecode.c.objc; path = ADBlockOperationTest.m; sourceTree = "<group>"; };
		D671E38015C025DC00F211DF /* ADConcurrentTest.m */ = {isa = PBXFileReference; fileEncoding = 4; lastKnownFileType = sourcecode.c.objc; path = ADConcurrentTest.m; sourceTree = "<group>"; };
		D671E38115C025DC00F211DF /* ADSequenceTest.m */ = {isa = PBXFileReference; fileEncoding = 4; lastKnownFileType = sourcecode.c.objc; path = ADSequenceTest.m; sourceTree = "<group>"; };
		D671E38315C025DC00F211DF /* ADDoneBlockChecker.h */ = {isa = PBXFileReference; fileEncoding = 4; lastKnownFileType = sourcecode.c.h; path = ADDoneBlockChecker.h; sourceTree = "<group>"; };
		D671E38415C025DC00F211DF /* ADDoneBlockChecker.m */ = {isa = PBXFileReference; fileEncoding = 4; lastKnownFileType = sourcecode.c.objc; path = ADDoneBlockChecker.m; sourceTree = "<group>"; };
		D671E38515C025DC00F211DF /* ADOperation+ADTConstructors.h */ = {isa = PBXFileReference; fileEncoding = 4; lastKnownFileType = sourcecode.c.h; path = "ADOperation+ADTConstructors.h"; sourceTree = "<group>"; };
		D671E38615C025DC00F211DF /* ADOperation+ADTConstructors.m */ = {isa = PBXFileReference; fileEncoding = 4; lastKnownFileType = sourcecode.c.objc; path = "ADOperation+ADTConstructors.m"; sourceTree = "<group>"; };
		D671E38715C025DC00F211DF /* ADTMacroses.h */ = {isa = PBXFileReference; fileEncoding = 4; lastKnownFileType = sourcecode.c.h; path = ADTMacroses.h; sourceTree = "<group>"; };
		D69BABD615DA909000A2AE77 /* ADAsyncFileReaderTest.m */ = {isa = PBXFileReference; fileEncoding = 4; lastKnownFileType = sourcecode.c.objc; path = ADAsyncFileReaderTest.m; sourceTree = "<group>"; };
		D69BABDF15DA9B0200A2AE77 /* big.xdxf */ = {isa = PBXFileReference; fileEncoding = 4; lastKnownFileType = text.xml; path = big.xdxf; sourceTree = "<group>"; };
		D69BABE015DA9B0200A2AE77 /* medium.xdxf */ = {isa = PBXFileReference; fileEncoding = 4; lastKnownFileType = text.xml; path = medium.xdxf; sourceTree = "<group>"; };
		D69BABE315DA9B1900A2AE77 /* small.xdxf */ = {isa = PBXFileReference; fileEncoding = 4; lastKnownFileType = text.xml; path = small.xdxf; sourceTree = "<group>"; };
		D6ADDD2215FA2496005377DC /* ADTDeallocHere.h */ = {isa = PBXFileReference; fileEncoding = 4; lastKnownFileType = sourcecode.c.h; path = ADTDeallocHere.h; sourceTree = "<group>"; };
		D6ADDD2315FA2496005377DC /* ADTDeallocHere.m */ = {isa = PBXFileReference; fileEncoding = 4; lastKnownFileType = sourcecode.c.objc; path = ADTDeallocHere.m; sourceTree = "<group>"; };
		D6B66DC415B98E790035AEB8 /* AsyncDispatcher.xcodeproj */ = {isa = PBXFileReference; lastKnownFileType = "wrapper.pb-project"; name = AsyncDispatcher.xcodeproj; path = ../../lib/AsyncDispatcher/AsyncDispatcher.xcodeproj; sourceTree = "<group>"; };
		D6C4EF4915B3FE720035C505 /* AsyncDispatcherTest.app */ = {isa = PBXFileReference; explicitFileType = wrapper.application; includeInIndex = 0; path = AsyncDispatcherTest.app; sourceTree = BUILT_PRODUCTS_DIR; };
		D6C4EF4D15B3FE720035C505 /* UIKit.framework */ = {isa = PBXFileReference; lastKnownFileType = wrapper.framework; name = UIKit.framework; path = System/Library/Frameworks/UIKit.framework; sourceTree = SDKROOT; };
		D6C4EF4F15B3FE720035C505 /* Foundation.framework */ = {isa = PBXFileReference; lastKnownFileType = wrapper.framework; name = Foundation.framework; path = System/Library/Frameworks/Foundation.framework; sourceTree = SDKROOT; };
		D6C4EF5115B3FE720035C505 /* CoreGraphics.framework */ = {isa = PBXFileReference; lastKnownFileType = wrapper.framework; name = CoreGraphics.framework; path = System/Library/Frameworks/CoreGraphics.framework; sourceTree = SDKROOT; };
		D6C4EF5515B3FE720035C505 /* AsyncDispatcherTest-Info.plist */ = {isa = PBXFileReference; lastKnownFileType = text.plist.xml; path = "AsyncDispatcherTest-Info.plist"; sourceTree = "<group>"; };
		D6C4EF5715B3FE720035C505 /* en */ = {isa = PBXFileReference; lastKnownFileType = text.plist.strings; name = en; path = en.lproj/InfoPlist.strings; sourceTree = "<group>"; };
		D6C4EF5915B3FE720035C505 /* main.m */ = {isa = PBXFileReference; lastKnownFileType = sourcecode.c.objc; path = main.m; sourceTree = "<group>"; };
		D6C4EF5B15B3FE720035C505 /* AsyncDispatcherTest-Prefix.pch */ = {isa = PBXFileReference; lastKnownFileType = sourcecode.c.h; path = "AsyncDispatcherTest-Prefix.pch"; sourceTree = "<group>"; };
		D6DB47E815E4D47600F69435 /* bad.xdxf */ = {isa = PBXFileReference; explicitFileType = text.xml; fileEncoding = 4; path = bad.xdxf; sourceTree = "<group>"; };
/* End PBXFileReference section */

/* Begin PBXFrameworksBuildPhase section */
		D6C4EF4615B3FE720035C505 /* Frameworks */ = {
			isa = PBXFrameworksBuildPhase;
			buildActionMask = 2147483647;
			files = (
				7870276117547A3C007F2392 /* GHUnitIOS.framework in Frameworks */,
				D66E720315E3D40800A55872 /* libxml2.dylib in Frameworks */,
				D66E720115E3D3B700A55872 /* libAsyncSaxParser.a in Frameworks */,
				D6C4EF4E15B3FE720035C505 /* UIKit.framework in Frameworks */,
				D6C4EF5015B3FE720035C505 /* Foundation.framework in Frameworks */,
				D6C4EF5215B3FE720035C505 /* CoreGraphics.framework in Frameworks */,
			);
			runOnlyForDeploymentPostprocessing = 0;
		};
/* End PBXFrameworksBuildPhase section */

/* Begin PBXGroup section */
		D671E37E15C025DC00F211DF /* tests */ = {
			isa = PBXGroup;
			children = (
				D671E37F15C025DC00F211DF /* ADBlockOperationTest.m */,
				D671E38015C025DC00F211DF /* ADConcurrentTest.m */,
				D671E38115C025DC00F211DF /* ADSequenceTest.m */,
				D62B45A715C9280300AE8EC4 /* ADSessionTest.m */,
				D651A04115CFB5AF00BE8FD0 /* ADPropertyTest.m */,
				D67025C715D256B00058880C /* ADOperationPriorityTest.m */,
				D69BABD615DA909000A2AE77 /* ADAsyncFileReaderTest.m */,
				D66E71FD15E3C8BE00A55872 /* ADSaxParserTest.mm */,
			);
			path = tests;
			sourceTree = "<group>";
		};
		D671E38215C025DC00F211DF /* utils */ = {
			isa = PBXGroup;
			children = (
				D671E38315C025DC00F211DF /* ADDoneBlockChecker.h */,
				D671E38415C025DC00F211DF /* ADDoneBlockChecker.m */,
				D671E38515C025DC00F211DF /* ADOperation+ADTConstructors.h */,
				D671E38615C025DC00F211DF /* ADOperation+ADTConstructors.m */,
				D671E38715C025DC00F211DF /* ADTMacroses.h */,
				D628641F15ED0A200055979B /* ADTOperationCounter.h */,
				D6ADDD2215FA2496005377DC /* ADTDeallocHere.h */,
				D6ADDD2315FA2496005377DC /* ADTDeallocHere.m */,
			);
			path = utils;
			sourceTree = "<group>";
		};
		D69BABDE15DA9B0100A2AE77 /* files */ = {
			isa = PBXGroup;
			children = (
				D69BABE315DA9B1900A2AE77 /* small.xdxf */,
				D69BABDF15DA9B0200A2AE77 /* big.xdxf */,
				D69BABE015DA9B0200A2AE77 /* medium.xdxf */,
				D6DB47E815E4D47600F69435 /* bad.xdxf */,
			);
			path = files;
			sourceTree = "<group>";
		};
		D6B66DC515B98E790035AEB8 /* Products */ = {
			isa = PBXGroup;
			children = (
				D6B66DCC15B98E790035AEB8 /* libAsyncDispatcher.a */,
				D681423815DBE5BB00C7EFE7 /* libAsyncSaxParser.a */,
			);
			name = Products;
			sourceTree = "<group>";
		};
		D6C4EF3E15B3FE720035C505 = {
			isa = PBXGroup;
			children = (
				7870276217549ECB007F2392 /* Default-568h@2x.png */,
				D66E720215E3D40800A55872 /* libxml2.dylib */,
				D6B66DC415B98E790035AEB8 /* AsyncDispatcher.xcodeproj */,
				D6C4EF5315B3FE720035C505 /* AsyncDispatcherTest */,
				D6C4EF4C15B3FE720035C505 /* Frameworks */,
				D6C4EF4A15B3FE720035C505 /* Products */,
			);
			sourceTree = "<group>";
		};
		D6C4EF4A15B3FE720035C505 /* Products */ = {
			isa = PBXGroup;
			children = (
				D6C4EF4915B3FE720035C505 /* AsyncDispatcherTest.app */,
			);
			name = Products;
			sourceTree = "<group>";
		};
		D6C4EF4C15B3FE720035C505 /* Frameworks */ = {
			isa = PBXGroup;
			children = (
				7870276017547A3C007F2392 /* GHUnitIOS.framework */,
				D6C4EF4D15B3FE720035C505 /* UIKit.framework */,
				D6C4EF4F15B3FE720035C505 /* Foundation.framework */,
				D6C4EF5115B3FE720035C505 /* CoreGraphics.framework */,
			);
			name = Frameworks;
			sourceTree = "<group>";
		};
		D6C4EF5315B3FE720035C505 /* AsyncDispatcherTest */ = {
			isa = PBXGroup;
			children = (
				D69BABDE15DA9B0100A2AE77 /* files */,
				D671E37E15C025DC00F211DF /* tests */,
				D671E38215C025DC00F211DF /* utils */,
				D6C4EF5415B3FE720035C505 /* Supporting Files */,
			);
			path = AsyncDispatcherTest;
			sourceTree = "<group>";
		};
		D6C4EF5415B3FE720035C505 /* Supporting Files */ = {
			isa = PBXGroup;
			children = (
				D6C4EF5515B3FE720035C505 /* AsyncDispatcherTest-Info.plist */,
				D6C4EF5615B3FE720035C505 /* InfoPlist.strings */,
				D6C4EF5915B3FE720035C505 /* main.m */,
				D6C4EF5B15B3FE720035C505 /* AsyncDispatcherTest-Prefix.pch */,
			);
			name = "Supporting Files";
			sourceTree = "<group>";
		};
/* End PBXGroup section */

/* Begin PBXNativeTarget section */
		D6C4EF4815B3FE720035C505 /* AsyncDispatcherTest */ = {
			isa = PBXNativeTarget;
			buildConfigurationList = D6C4EF6A15B3FE720035C505 /* Build configuration list for PBXNativeTarget "AsyncDispatcherTest" */;
			buildPhases = (
				D6C4EF4515B3FE720035C505 /* Sources */,
				D6C4EF4615B3FE720035C505 /* Frameworks */,
				D6C4EF4715B3FE720035C505 /* Resources */,
			);
			buildRules = (
			);
			dependencies = (
				D66E720015E3D3B100A55872 /* PBXTargetDependency */,
				D6B66DCE15B98E840035AEB8 /* PBXTargetDependency */,
			);
			name = AsyncDispatcherTest;
			productName = AsyncDispatcherTest;
			productReference = D6C4EF4915B3FE720035C505 /* AsyncDispatcherTest.app */;
			productType = "com.apple.product-type.application";
		};
/* End PBXNativeTarget section */

/* Begin PBXProject section */
		D6C4EF4015B3FE720035C505 /* Project object */ = {
			isa = PBXProject;
			attributes = {
				CLASSPREFIX = AD;
				LastUpgradeCheck = 0450;
				ORGANIZATIONNAME = "Igor Palaguta";
			};
			buildConfigurationList = D6C4EF4315B3FE720035C505 /* Build configuration list for PBXProject "AsyncDispatcherTest" */;
			compatibilityVersion = "Xcode 3.2";
			developmentRegion = English;
			hasScannedForEncodings = 0;
			knownRegions = (
				en,
			);
			mainGroup = D6C4EF3E15B3FE720035C505;
			productRefGroup = D6C4EF4A15B3FE720035C505 /* Products */;
			projectDirPath = "";
			projectReferences = (
				{
					ProductGroup = D6B66DC515B98E790035AEB8 /* Products */;
					ProjectRef = D6B66DC415B98E790035AEB8 /* AsyncDispatcher.xcodeproj */;
				},
			);
			projectRoot = "";
			targets = (
				D6C4EF4815B3FE720035C505 /* AsyncDispatcherTest */,
			);
		};
/* End PBXProject section */

/* Begin PBXReferenceProxy section */
		D681423815DBE5BB00C7EFE7 /* libAsyncSaxParser.a */ = {
			isa = PBXReferenceProxy;
			fileType = archive.ar;
			path = libAsyncSaxParser.a;
			remoteRef = D681423715DBE5BB00C7EFE7 /* PBXContainerItemProxy */;
			sourceTree = BUILT_PRODUCTS_DIR;
		};
		D6B66DCC15B98E790035AEB8 /* libAsyncDispatcher.a */ = {
			isa = PBXReferenceProxy;
			fileType = archive.ar;
			path = libAsyncDispatcher.a;
			remoteRef = D6B66DCB15B98E790035AEB8 /* PBXContainerItemProxy */;
			sourceTree = BUILT_PRODUCTS_DIR;
		};
/* End PBXReferenceProxy section */

/* Begin PBXResourcesBuildPhase section */
		D6C4EF4715B3FE720035C505 /* Resources */ = {
			isa = PBXResourcesBuildPhase;
			buildActionMask = 2147483647;
			files = (
				D6C4EF5815B3FE720035C505 /* InfoPlist.strings in Resources */,
				D69BABE115DA9B0200A2AE77 /* big.xdxf in Resources */,
				D69BABE215DA9B0200A2AE77 /* medium.xdxf in Resources */,
				D69BABE415DA9B1900A2AE77 /* small.xdxf in Resources */,
				D6DB47E915E4D47600F69435 /* bad.xdxf in Resources */,
				7870276317549ECB007F2392 /* Default-568h@2x.png in Resources */,
			);
			runOnlyForDeploymentPostprocessing = 0;
		};
/* End PBXResourcesBuildPhase section */

/* Begin PBXSourcesBuildPhase section */
		D6C4EF4515B3FE720035C505 /* Sources */ = {
			isa = PBXSourcesBuildPhase;
			buildActionMask = 2147483647;
			files = (
				D6C4EF5A15B3FE720035C505 /* main.m in Sources */,
				D671E38B15C025DC00F211DF /* ADDoneBlockChecker.m in Sources */,
				D671E38C15C025DC00F211DF /* ADOperation+ADTConstructors.m in Sources */,
				D6ADDD2415FA2496005377DC /* ADTDeallocHere.m in Sources */,
				7870283A1756309E007F2392 /* ADSequenceTest.m in Sources */,
				7870283B17564B4F007F2392 /* ADBlockOperationTest.m in Sources */,
				7870283C17564B4F007F2392 /* ADConcurrentTest.m in Sources */,
				7870283D17564B4F007F2392 /* ADSessionTest.m in Sources */,
				7870283E17564B4F007F2392 /* ADPropertyTest.m in Sources */,
				7870283F17564B4F007F2392 /* ADOperationPriorityTest.m in Sources */,
				7870284017564B4F007F2392 /* ADAsyncFileReaderTest.m in Sources */,
				7870284117564B4F007F2392 /* ADSaxParserTest.mm in Sources */,
			);
			runOnlyForDeploymentPostprocessing = 0;
		};
/* End PBXSourcesBuildPhase section */

/* Begin PBXTargetDependency section */
		D66E720015E3D3B100A55872 /* PBXTargetDependency */ = {
			isa = PBXTargetDependency;
			name = AsyncSaxParser;
			targetProxy = D66E71FF15E3D3B100A55872 /* PBXContainerItemProxy */;
		};
		D6B66DCE15B98E840035AEB8 /* PBXTargetDependency */ = {
			isa = PBXTargetDependency;
			name = AsyncDispatcher;
			targetProxy = D6B66DCD15B98E840035AEB8 /* PBXContainerItemProxy */;
		};
/* End PBXTargetDependency section */

/* Begin PBXVariantGroup section */
		D6C4EF5615B3FE720035C505 /* InfoPlist.strings */ = {
			isa = PBXVariantGroup;
			children = (
				D6C4EF5715B3FE720035C505 /* en */,
			);
			name = InfoPlist.strings;
			sourceTree = "<group>";
		};
/* End PBXVariantGroup section */

/* Begin XCBuildConfiguration section */
		D6C4EF6815B3FE720035C505 /* Debug */ = {
			isa = XCBuildConfiguration;
			buildSettings = {
				ALWAYS_SEARCH_USER_PATHS = NO;
				CLANG_CXX_LANGUAGE_STANDARD = "gnu++0x";
				CLANG_ENABLE_OBJC_ARC = YES;
				CLANG_WARN__DUPLICATE_METHOD_MATCH = YES;
				"CODE_SIGN_IDENTITY[sdk=iphoneos*]" = "iPhone Developer";
				COPY_PHASE_STRIP = NO;
				GCC_C_LANGUAGE_STANDARD = gnu99;
				GCC_DYNAMIC_NO_PIC = NO;
				GCC_OPTIMIZATION_LEVEL = 0;
				GCC_PREPROCESSOR_DEFINITIONS = (
					"DEBUG=1",
					"$(inherited)",
				);
				GCC_SYMBOLS_PRIVATE_EXTERN = NO;
				GCC_WARN_ABOUT_RETURN_TYPE = YES;
				GCC_WARN_UNINITIALIZED_AUTOS = YES;
				GCC_WARN_UNUSED_VARIABLE = YES;
				HEADER_SEARCH_PATHS = ../../lib/AsyncDispatcher;
				IPHONEOS_DEPLOYMENT_TARGET = 4.3;
				OTHER_LDFLAGS = (
					"-ObjC",
					"-all_load",
					"-lstdc++",
				);
				SDKROOT = iphoneos;
				TARGETED_DEVICE_FAMILY = "1,2";
			};
			name = Debug;
		};
		D6C4EF6915B3FE720035C505 /* Release */ = {
			isa = XCBuildConfiguration;
			buildSettings = {
				ALWAYS_SEARCH_USER_PATHS = NO;
				CLANG_CXX_LANGUAGE_STANDARD = "gnu++0x";
				CLANG_ENABLE_OBJC_ARC = YES;
				CLANG_WARN__DUPLICATE_METHOD_MATCH = YES;
				"CODE_SIGN_IDENTITY[sdk=iphoneos*]" = "iPhone Developer";
				COPY_PHASE_STRIP = YES;
				GCC_C_LANGUAGE_STANDARD = gnu99;
				GCC_WARN_ABOUT_RETURN_TYPE = YES;
				GCC_WARN_UNINITIALIZED_AUTOS = YES;
				GCC_WARN_UNUSED_VARIABLE = YES;
				HEADER_SEARCH_PATHS = ../../lib/AsyncDispatcher;
				IPHONEOS_DEPLOYMENT_TARGET = 4.3;
				OTHER_LDFLAGS = (
					"-ObjC",
					"-all_load",
					"-lstdc++",
				);
				SDKROOT = iphoneos;
				TARGETED_DEVICE_FAMILY = "1,2";
				VALIDATE_PRODUCT = YES;
			};
			name = Release;
		};
		D6C4EF6B15B3FE720035C505 /* Debug */ = {
			isa = XCBuildConfiguration;
			buildSettings = {
				FRAMEWORK_SEARCH_PATHS = (
					"$(inherited)",
					"\"$(SRCROOT)/..\"",
				);
				GCC_PRECOMPILE_PREFIX_HEADER = YES;
				GCC_PREFIX_HEADER = "AsyncDispatcherTest/AsyncDispatcherTest-Prefix.pch";
				INFOPLIST_FILE = "AsyncDispatcherTest/AsyncDispatcherTest-Info.plist";
				PRODUCT_NAME = "$(TARGET_NAME)";
				WRAPPER_EXTENSION = app;
			};
			name = Debug;
		};
		D6C4EF6C15B3FE720035C505 /* Release */ = {
			isa = XCBuildConfiguration;
			buildSettings = {
				FRAMEWORK_SEARCH_PATHS = (
					"$(inherited)",
					"\"$(SRCROOT)/..\"",
				);
				GCC_PRECOMPILE_PREFIX_HEADER = YES;
				GCC_PREFIX_HEADER = "AsyncDispatcherTest/AsyncDispatcherTest-Prefix.pch";
				INFOPLIST_FILE = "AsyncDispatcherTest/AsyncDispatcherTest-Info.plist";
				PRODUCT_NAME = "$(TARGET_NAME)";
				WRAPPER_EXTENSION = app;
			};
			name = Release;
		};
/* End XCBuildConfiguration section */

/* Begin XCConfigurationList section */
		D6C4EF4315B3FE720035C505 /* Build configuration list for PBXProject "AsyncDispatcherTest" */ = {
			isa = XCConfigurationList;
			buildConfigurations = (
				D6C4EF6815B3FE720035C505 /* Debug */,
				D6C4EF6915B3FE720035C505 /* Release */,
			);
			defaultConfigurationIsVisible = 0;
			defaultConfigurationName = Release;
		};
		D6C4EF6A15B3FE720035C505 /* Build configuration list for PBXNativeTarget "AsyncDispatcherTest" */ = {
			isa = XCConfigurationList;
			buildConfigurations = (
				D6C4EF6B15B3FE720035C505 /* Debug */,
				D6C4EF6C15B3FE720035C505 /* Release */,
			);
			defaultConfigurationIsVisible = 0;
			defaultConfigurationName = Release;
		};
/* End XCConfigurationList section */
	};
	rootObject = D6C4EF4015B3FE720035C505 /* Project object */;
}
